// !$*UTF8*$!
{
	archiveVersion = 1;
	classes = {
	};
	objectVersion = 50;
	objects = {

/* Begin PBXBuildFile section */
		CD0E51D721CD3268007D68D3 /* LoginViewController.swift in Sources */ = {isa = PBXBuildFile; fileRef = CD0E51D621CD3268007D68D3 /* LoginViewController.swift */; };
		CD0E51D921CD32A0007D68D3 /* HomeViewController.swift in Sources */ = {isa = PBXBuildFile; fileRef = CD0E51D821CD32A0007D68D3 /* HomeViewController.swift */; };
		CD0E51DB21CD32CC007D68D3 /* ImageSelectViewController.swift in Sources */ = {isa = PBXBuildFile; fileRef = CD0E51DA21CD32CC007D68D3 /* ImageSelectViewController.swift */; };
		CD0E51DD21CD3301007D68D3 /* PostViewController.swift in Sources */ = {isa = PBXBuildFile; fileRef = CD0E51DC21CD3301007D68D3 /* PostViewController.swift */; };
		CD0E51DF21CD331E007D68D3 /* SettingViewController.swift in Sources */ = {isa = PBXBuildFile; fileRef = CD0E51DE21CD331E007D68D3 /* SettingViewController.swift */; };
		CD52DAA521CD288500D2BEBF /* AppDelegate.swift in Sources */ = {isa = PBXBuildFile; fileRef = CD52DAA421CD288500D2BEBF /* AppDelegate.swift */; };
		CD52DAAA21CD288500D2BEBF /* Main.storyboard in Resources */ = {isa = PBXBuildFile; fileRef = CD52DAA821CD288500D2BEBF /* Main.storyboard */; };
		CD52DAAC21CD288600D2BEBF /* Assets.xcassets in Resources */ = {isa = PBXBuildFile; fileRef = CD52DAAB21CD288600D2BEBF /* Assets.xcassets */; };
		CD52DAAF21CD288600D2BEBF /* LaunchScreen.storyboard in Resources */ = {isa = PBXBuildFile; fileRef = CD52DAAD21CD288600D2BEBF /* LaunchScreen.storyboard */; };
		CDD5EE6721E1E517003B256D /* Const.swift in Sources */ = {isa = PBXBuildFile; fileRef = CDD5EE6621E1E517003B256D /* Const.swift */; };
		CDF86B4A21D10EF8004AA6C5 /* GoogleService-Info.plist in Resources */ = {isa = PBXBuildFile; fileRef = CDF86B4921D10EF8004AA6C5 /* GoogleService-Info.plist */; };
		CDF86B4B21D63F71004AA6C5 /* ViewController.swift in Sources */ = {isa = PBXBuildFile; fileRef = CD52DAA621CD288500D2BEBF /* ViewController.swift */; };
		CDF86B4D21DCEB36004AA6C5 /* PostData.swift in Sources */ = {isa = PBXBuildFile; fileRef = CDF86B4C21DCEB36004AA6C5 /* PostData.swift */; };
		CDF86B5821DD7A3F004AA6C5 /* PostTableViewCell.swift in Sources */ = {isa = PBXBuildFile; fileRef = CDF86B5621DD7A3F004AA6C5 /* PostTableViewCell.swift */; };
		CDF86B5921DD7A3F004AA6C5 /* PostTableViewCell.xib in Resources */ = {isa = PBXBuildFile; fileRef = CDF86B5721DD7A3F004AA6C5 /* PostTableViewCell.xib */; };
		D55B7D19CA02D526119CD8F6 /* Pods_Instagram.framework in Frameworks */ = {isa = PBXBuildFile; fileRef = A0AB562513A1C6B8ED85B262 /* Pods_Instagram.framework */; };
/* End PBXBuildFile section */

/* Begin PBXFileReference section */
		A0AB562513A1C6B8ED85B262 /* Pods_Instagram.framework */ = {isa = PBXFileReference; explicitFileType = wrapper.framework; includeInIndex = 0; path = Pods_Instagram.framework; sourceTree = BUILT_PRODUCTS_DIR; };
		A192224876E0A6A570B17482 /* Pods-Instagram.release.xcconfig */ = {isa = PBXFileReference; includeInIndex = 1; lastKnownFileType = text.xcconfig; name = "Pods-Instagram.release.xcconfig"; path = "Pods/Target Support Files/Pods-Instagram/Pods-Instagram.release.xcconfig"; sourceTree = "<group>"; };
		BE5F7D6E3D0EB29157502C0C /* Pods-Instagram.debug.xcconfig */ = {isa = PBXFileReference; includeInIndex = 1; lastKnownFileType = text.xcconfig; name = "Pods-Instagram.debug.xcconfig"; path = "Pods/Target Support Files/Pods-Instagram/Pods-Instagram.debug.xcconfig"; sourceTree = "<group>"; };
		CD0E51D621CD3268007D68D3 /* LoginViewController.swift */ = {isa = PBXFileReference; lastKnownFileType = sourcecode.swift; path = LoginViewController.swift; sourceTree = "<group>"; };
		CD0E51D821CD32A0007D68D3 /* HomeViewController.swift */ = {isa = PBXFileReference; lastKnownFileType = sourcecode.swift; path = HomeViewController.swift; sourceTree = "<group>"; };
		CD0E51DA21CD32CC007D68D3 /* ImageSelectViewController.swift */ = {isa = PBXFileReference; lastKnownFileType = sourcecode.swift; path = ImageSelectViewController.swift; sourceTree = "<group>"; };
		CD0E51DC21CD3301007D68D3 /* PostViewController.swift */ = {isa = PBXFileReference; lastKnownFileType = sourcecode.swift; path = PostViewController.swift; sourceTree = "<group>"; };
		CD0E51DE21CD331E007D68D3 /* SettingViewController.swift */ = {isa = PBXFileReference; lastKnownFileType = sourcecode.swift; path = SettingViewController.swift; sourceTree = "<group>"; };
		CD52DAA121CD288500D2BEBF /* Instagram.app */ = {isa = PBXFileReference; explicitFileType = wrapper.application; includeInIndex = 0; path = Instagram.app; sourceTree = BUILT_PRODUCTS_DIR; };
		CD52DAA421CD288500D2BEBF /* AppDelegate.swift */ = {isa = PBXFileReference; lastKnownFileType = sourcecode.swift; path = AppDelegate.swift; sourceTree = "<group>"; };
		CD52DAA621CD288500D2BEBF /* ViewController.swift */ = {isa = PBXFileReference; lastKnownFileType = sourcecode.swift; path = ViewController.swift; sourceTree = "<group>"; };
		CD52DAA921CD288500D2BEBF /* Base */ = {isa = PBXFileReference; lastKnownFileType = file.storyboard; name = Base; path = Base.lproj/Main.storyboard; sourceTree = "<group>"; };
		CD52DAAB21CD288600D2BEBF /* Assets.xcassets */ = {isa = PBXFileReference; lastKnownFileType = folder.assetcatalog; path = Assets.xcassets; sourceTree = "<group>"; };
		CD52DAAE21CD288600D2BEBF /* Base */ = {isa = PBXFileReference; lastKnownFileType = file.storyboard; name = Base; path = Base.lproj/LaunchScreen.storyboard; sourceTree = "<group>"; };
		CD52DAB021CD288600D2BEBF /* Info.plist */ = {isa = PBXFileReference; lastKnownFileType = text.plist.xml; path = Info.plist; sourceTree = "<group>"; };
		CDD5EE6621E1E517003B256D /* Const.swift */ = {isa = PBXFileReference; lastKnownFileType = sourcecode.swift; path = Const.swift; sourceTree = "<group>"; };
		CDF86B4921D10EF8004AA6C5 /* GoogleService-Info.plist */ = {isa = PBXFileReference; fileEncoding = 4; lastKnownFileType = text.plist.xml; path = "GoogleService-Info.plist"; sourceTree = "<group>"; };
		CDF86B4C21DCEB36004AA6C5 /* PostData.swift */ = {isa = PBXFileReference; lastKnownFileType = sourcecode.swift; path = PostData.swift; sourceTree = "<group>"; };
		CDF86B5621DD7A3F004AA6C5 /* PostTableViewCell.swift */ = {isa = PBXFileReference; lastKnownFileType = sourcecode.swift; path = PostTableViewCell.swift; sourceTree = "<group>"; };
		CDF86B5721DD7A3F004AA6C5 /* PostTableViewCell.xib */ = {isa = PBXFileReference; lastKnownFileType = file.xib; path = PostTableViewCell.xib; sourceTree = "<group>"; };
/* End PBXFileReference section */

/* Begin PBXFrameworksBuildPhase section */
		CD52DA9E21CD288500D2BEBF /* Frameworks */ = {
			isa = PBXFrameworksBuildPhase;
			buildActionMask = 2147483647;
			files = (
				D55B7D19CA02D526119CD8F6 /* Pods_Instagram.framework in Frameworks */,
			);
			runOnlyForDeploymentPostprocessing = 0;
		};
/* End PBXFrameworksBuildPhase section */

/* Begin PBXGroup section */
		3FE7D4E7E7213FB77D88A195 /* Pods */ = {
			isa = PBXGroup;
			children = (
				BE5F7D6E3D0EB29157502C0C /* Pods-Instagram.debug.xcconfig */,
				A192224876E0A6A570B17482 /* Pods-Instagram.release.xcconfig */,
			);
			name = Pods;
			sourceTree = "<group>";
		};
		7158B6999376B9854A0CB3EC /* Frameworks */ = {
			isa = PBXGroup;
			children = (
				A0AB562513A1C6B8ED85B262 /* Pods_Instagram.framework */,
			);
			name = Frameworks;
			sourceTree = "<group>";
		};
		CD52DA9821CD288500D2BEBF = {
			isa = PBXGroup;
			children = (
				CD52DAA321CD288500D2BEBF /* Instagram */,
				CD52DAA221CD288500D2BEBF /* Products */,
				3FE7D4E7E7213FB77D88A195 /* Pods */,
				7158B6999376B9854A0CB3EC /* Frameworks */,
			);
			sourceTree = "<group>";
		};
		CD52DAA221CD288500D2BEBF /* Products */ = {
			isa = PBXGroup;
			children = (
				CD52DAA121CD288500D2BEBF /* Instagram.app */,
			);
			name = Products;
			sourceTree = "<group>";
		};
		CD52DAA321CD288500D2BEBF /* Instagram */ = {
			isa = PBXGroup;
			children = (
				CD52DAA421CD288500D2BEBF /* AppDelegate.swift */,
				CD52DAA621CD288500D2BEBF /* ViewController.swift */,
				CD52DAA821CD288500D2BEBF /* Main.storyboard */,
				CD52DAAB21CD288600D2BEBF /* Assets.xcassets */,
				CD52DAAD21CD288600D2BEBF /* LaunchScreen.storyboard */,
				CD52DAB021CD288600D2BEBF /* Info.plist */,
				CDD5EE6621E1E517003B256D /* Const.swift */,
				CD0E51D621CD3268007D68D3 /* LoginViewController.swift */,
				CD0E51D821CD32A0007D68D3 /* HomeViewController.swift */,
				CDF86B4C21DCEB36004AA6C5 /* PostData.swift */,
				CD0E51DA21CD32CC007D68D3 /* ImageSelectViewController.swift */,
				CDF86B5621DD7A3F004AA6C5 /* PostTableViewCell.swift */,
				CDF86B5721DD7A3F004AA6C5 /* PostTableViewCell.xib */,
				CD0E51DC21CD3301007D68D3 /* PostViewController.swift */,
				CD0E51DE21CD331E007D68D3 /* SettingViewController.swift */,
				CDF86B4921D10EF8004AA6C5 /* GoogleService-Info.plist */,
			);
			path = Instagram;
			sourceTree = "<group>";
		};
/* End PBXGroup section */

/* Begin PBXNativeTarget section */
		CD52DAA021CD288500D2BEBF /* Instagram */ = {
			isa = PBXNativeTarget;
			buildConfigurationList = CD52DAB321CD288600D2BEBF /* Build configuration list for PBXNativeTarget "Instagram" */;
			buildPhases = (
				C2BF19CF1040BBFFF39050DA /* [CP] Check Pods Manifest.lock */,
				CD52DA9D21CD288500D2BEBF /* Sources */,
				CD52DA9E21CD288500D2BEBF /* Frameworks */,
				CD52DA9F21CD288500D2BEBF /* Resources */,
				9BF17330F20E5FDB1C067D52 /* [CP] Embed Pods Frameworks */,
			);
			buildRules = (
			);
			dependencies = (
			);
			name = Instagram;
			productName = Instagram;
			productReference = CD52DAA121CD288500D2BEBF /* Instagram.app */;
			productType = "com.apple.product-type.application";
		};
/* End PBXNativeTarget section */

/* Begin PBXProject section */
		CD52DA9921CD288500D2BEBF /* Project object */ = {
			isa = PBXProject;
			attributes = {
				LastSwiftUpdateCheck = 0940;
				LastUpgradeCheck = 0940;
				ORGANIZATIONNAME = masatoshi.tamura;
				TargetAttributes = {
					CD52DAA021CD288500D2BEBF = {
						CreatedOnToolsVersion = 9.4.1;
					};
				};
			};
			buildConfigurationList = CD52DA9C21CD288500D2BEBF /* Build configuration list for PBXProject "Instagram" */;
			compatibilityVersion = "Xcode 9.3";
			developmentRegion = en;
			hasScannedForEncodings = 0;
			knownRegions = (
				en,
				Base,
			);
			mainGroup = CD52DA9821CD288500D2BEBF;
			productRefGroup = CD52DAA221CD288500D2BEBF /* Products */;
			projectDirPath = "";
			projectRoot = "";
			targets = (
				CD52DAA021CD288500D2BEBF /* Instagram */,
			);
		};
/* End PBXProject section */

/* Begin PBXResourcesBuildPhase section */
		CD52DA9F21CD288500D2BEBF /* Resources */ = {
			isa = PBXResourcesBuildPhase;
			buildActionMask = 2147483647;
			files = (
				CD52DAAF21CD288600D2BEBF /* LaunchScreen.storyboard in Resources */,
				CDF86B5921DD7A3F004AA6C5 /* PostTableViewCell.xib in Resources */,
				CDF86B4A21D10EF8004AA6C5 /* GoogleService-Info.plist in Resources */,
				CD52DAAC21CD288600D2BEBF /* Assets.xcassets in Resources */,
				CD52DAAA21CD288500D2BEBF /* Main.storyboard in Resources */,
			);
			runOnlyForDeploymentPostprocessing = 0;
		};
/* End PBXResourcesBuildPhase section */

/* Begin PBXShellScriptBuildPhase section */
		9BF17330F20E5FDB1C067D52 /* [CP] Embed Pods Frameworks */ = {
			isa = PBXShellScriptBuildPhase;
			buildActionMask = 2147483647;
			files = (
			);
			inputPaths = (
				"${SRCROOT}/Pods/Target Support Files/Pods-Instagram/Pods-Instagram-frameworks.sh",
				"${BUILT_PRODUCTS_DIR}/CLImageEditor/CLImageEditor.framework",
				"${BUILT_PRODUCTS_DIR}/ESTabBarController/ESTabBarController.framework",
				"${BUILT_PRODUCTS_DIR}/GTMSessionFetcher/GTMSessionFetcher.framework",
				"${BUILT_PRODUCTS_DIR}/GoogleToolboxForMac/GoogleToolboxForMac.framework",
				"${BUILT_PRODUCTS_DIR}/SVProgressHUD/SVProgressHUD.framework",
				"${BUILT_PRODUCTS_DIR}/leveldb-library/leveldb.framework",
				"${BUILT_PRODUCTS_DIR}/nanopb/nanopb.framework",
			);
			name = "[CP] Embed Pods Frameworks";
			outputPaths = (
				"${TARGET_BUILD_DIR}/${FRAMEWORKS_FOLDER_PATH}/CLImageEditor.framework",
				"${TARGET_BUILD_DIR}/${FRAMEWORKS_FOLDER_PATH}/ESTabBarController.framework",
				"${TARGET_BUILD_DIR}/${FRAMEWORKS_FOLDER_PATH}/GTMSessionFetcher.framework",
				"${TARGET_BUILD_DIR}/${FRAMEWORKS_FOLDER_PATH}/GoogleToolboxForMac.framework",
				"${TARGET_BUILD_DIR}/${FRAMEWORKS_FOLDER_PATH}/SVProgressHUD.framework",
				"${TARGET_BUILD_DIR}/${FRAMEWORKS_FOLDER_PATH}/leveldb.framework",
				"${TARGET_BUILD_DIR}/${FRAMEWORKS_FOLDER_PATH}/nanopb.framework",
			);
			runOnlyForDeploymentPostprocessing = 0;
			shellPath = /bin/sh;
			shellScript = "\"${SRCROOT}/Pods/Target Support Files/Pods-Instagram/Pods-Instagram-frameworks.sh\"\n";
			showEnvVarsInLog = 0;
		};
		C2BF19CF1040BBFFF39050DA /* [CP] Check Pods Manifest.lock */ = {
			isa = PBXShellScriptBuildPhase;
			buildActionMask = 2147483647;
			files = (
			);
			inputPaths = (
				"${PODS_PODFILE_DIR_PATH}/Podfile.lock",
				"${PODS_ROOT}/Manifest.lock",
			);
			name = "[CP] Check Pods Manifest.lock";
			outputPaths = (
				"$(DERIVED_FILE_DIR)/Pods-Instagram-checkManifestLockResult.txt",
			);
			runOnlyForDeploymentPostprocessing = 0;
			shellPath = /bin/sh;
			shellScript = "diff \"${PODS_PODFILE_DIR_PATH}/Podfile.lock\" \"${PODS_ROOT}/Manifest.lock\" > /dev/null\nif [ $? != 0 ] ; then\n    # print error to STDERR\n    echo \"error: The sandbox is not in sync with the Podfile.lock. Run 'pod install' or update your CocoaPods installation.\" >&2\n    exit 1\nfi\n# This output is used by Xcode 'outputs' to avoid re-running this script phase.\necho \"SUCCESS\" > \"${SCRIPT_OUTPUT_FILE_0}\"\n";
			showEnvVarsInLog = 0;
		};
/* End PBXShellScriptBuildPhase section */

/* Begin PBXSourcesBuildPhase section */
		CD52DA9D21CD288500D2BEBF /* Sources */ = {
			isa = PBXSourcesBuildPhase;
			buildActionMask = 2147483647;
			files = (
				CD0E51DD21CD3301007D68D3 /* PostViewController.swift in Sources */,
				CDF86B4D21DCEB36004AA6C5 /* PostData.swift in Sources */,
				CD0E51D721CD3268007D68D3 /* LoginViewController.swift in Sources */,
				CD52DAA521CD288500D2BEBF /* AppDelegate.swift in Sources */,
				CD0E51DB21CD32CC007D68D3 /* ImageSelectViewController.swift in Sources */,
				CDF86B4B21D63F71004AA6C5 /* ViewController.swift in Sources */,
				CD0E51DF21CD331E007D68D3 /* SettingViewController.swift in Sources */,
				CD0E51D921CD32A0007D68D3 /* HomeViewController.swift in Sources */,
				CDF86B5821DD7A3F004AA6C5 /* PostTableViewCell.swift in Sources */,
				CDD5EE6721E1E517003B256D /* Const.swift in Sources */,
			);
			runOnlyForDeploymentPostprocessing = 0;
		};
/* End PBXSourcesBuildPhase section */

/* Begin PBXVariantGroup section */
		CD52DAA821CD288500D2BEBF /* Main.storyboard */ = {
			isa = PBXVariantGroup;
			children = (
				CD52DAA921CD288500D2BEBF /* Base */,
			);
			name = Main.storyboard;
			sourceTree = "<group>";
		};
		CD52DAAD21CD288600D2BEBF /* LaunchScreen.storyboard */ = {
			isa = PBXVariantGroup;
			children = (
				CD52DAAE21CD288600D2BEBF /* Base */,
			);
			name = LaunchScreen.storyboard;
			sourceTree = "<group>";
		};
/* End PBXVariantGroup section */

/* Begin XCBuildConfiguration section */
		CD52DAB121CD288600D2BEBF /* Debug */ = {
			isa = XCBuildConfiguration;
			buildSettings = {
				ALWAYS_SEARCH_USER_PATHS = NO;
				CLANG_ANALYZER_NONNULL = YES;
				CLANG_ANALYZER_NUMBER_OBJECT_CONVERSION = YES_AGGRESSIVE;
				CLANG_CXX_LANGUAGE_STANDARD = "gnu++14";
				CLANG_CXX_LIBRARY = "libc++";
				CLANG_ENABLE_MODULES = YES;
				CLANG_ENABLE_OBJC_ARC = YES;
				CLANG_ENABLE_OBJC_WEAK = YES;
				CLANG_WARN_BLOCK_CAPTURE_AUTORELEASING = YES;
				CLANG_WARN_BOOL_CONVERSION = YES;
				CLANG_WARN_COMMA = YES;
				CLANG_WARN_CONSTANT_CONVERSION = YES;
				CLANG_WARN_DEPRECATED_OBJC_IMPLEMENTATIONS = YES;
				CLANG_WARN_DIRECT_OBJC_ISA_USAGE = YES_ERROR;
				CLANG_WARN_DOCUMENTATION_COMMENTS = YES;
				CLANG_WARN_EMPTY_BODY = YES;
				CLANG_WARN_ENUM_CONVERSION = YES;
				CLANG_WARN_INFINITE_RECURSION = YES;
				CLANG_WARN_INT_CONVERSION = YES;
				CLANG_WARN_NON_LITERAL_NULL_CONVERSION = YES;
				CLANG_WARN_OBJC_IMPLICIT_RETAIN_SELF = YES;
				CLANG_WARN_OBJC_LITERAL_CONVERSION = YES;
				CLANG_WARN_OBJC_ROOT_CLASS = YES_ERROR;
				CLANG_WARN_RANGE_LOOP_ANALYSIS = YES;
				CLANG_WARN_STRICT_PROTOTYPES = YES;
				CLANG_WARN_SUSPICIOUS_MOVE = YES;
				CLANG_WARN_UNGUARDED_AVAILABILITY = YES_AGGRESSIVE;
				CLANG_WARN_UNREACHABLE_CODE = YES;
				CLANG_WARN__DUPLICATE_METHOD_MATCH = YES;
				CODE_SIGN_IDENTITY = "iPhone Developer";
				COPY_PHASE_STRIP = NO;
				DEBUG_INFORMATION_FORMAT = dwarf;
				ENABLE_STRICT_OBJC_MSGSEND = YES;
				ENABLE_TESTABILITY = YES;
				GCC_C_LANGUAGE_STANDARD = gnu11;
				GCC_DYNAMIC_NO_PIC = NO;
				GCC_NO_COMMON_BLOCKS = YES;
				GCC_OPTIMIZATION_LEVEL = 0;
				GCC_PREPROCESSOR_DEFINITIONS = (
					"DEBUG=1",
					"$(inherited)",
				);
				GCC_WARN_64_TO_32_BIT_CONVERSION = YES;
				GCC_WARN_ABOUT_RETURN_TYPE = YES_ERROR;
				GCC_WARN_UNDECLARED_SELECTOR = YES;
				GCC_WARN_UNINITIALIZED_AUTOS = YES_AGGRESSIVE;
				GCC_WARN_UNUSED_FUNCTION = YES;
				GCC_WARN_UNUSED_VARIABLE = YES;
				IPHONEOS_DEPLOYMENT_TARGET = 11.4;
				MTL_ENABLE_DEBUG_INFO = YES;
				ONLY_ACTIVE_ARCH = YES;
				SDKROOT = iphoneos;
				SWIFT_ACTIVE_COMPILATION_CONDITIONS = DEBUG;
				SWIFT_OPTIMIZATION_LEVEL = "-Onone";
			};
			name = Debug;
		};
		CD52DAB221CD288600D2BEBF /* Release */ = {
			isa = XCBuildConfiguration;
			buildSettings = {
				ALWAYS_SEARCH_USER_PATHS = NO;
				CLANG_ANALYZER_NONNULL = YES;
				CLANG_ANALYZER_NUMBER_OBJECT_CONVERSION = YES_AGGRESSIVE;
				CLANG_CXX_LANGUAGE_STANDARD = "gnu++14";
				CLANG_CXX_LIBRARY = "libc++";
				CLANG_ENABLE_MODULES = YES;
				CLANG_ENABLE_OBJC_ARC = YES;
				CLANG_ENABLE_OBJC_WEAK = YES;
				CLANG_WARN_BLOCK_CAPTURE_AUTORELEASING = YES;
				CLANG_WARN_BOOL_CONVERSION = YES;
				CLANG_WARN_COMMA = YES;
				CLANG_WARN_CONSTANT_CONVERSION = YES;
				CLANG_WARN_DEPRECATED_OBJC_IMPLEMENTATIONS = YES;
				CLANG_WARN_DIRECT_OBJC_ISA_USAGE = YES_ERROR;
				CLANG_WARN_DOCUMENTATION_COMMENTS = YES;
				CLANG_WARN_EMPTY_BODY = YES;
				CLANG_WARN_ENUM_CONVERSION = YES;
				CLANG_WARN_INFINITE_RECURSION = YES;
				CLANG_WARN_INT_CONVERSION = YES;
				CLANG_WARN_NON_LITERAL_NULL_CONVERSION = YES;
				CLANG_WARN_OBJC_IMPLICIT_RETAIN_SELF = YES;
				CLANG_WARN_OBJC_LITERAL_CONVERSION = YES;
				CLANG_WARN_OBJC_ROOT_CLASS = YES_ERROR;
				CLANG_WARN_RANGE_LOOP_ANALYSIS = YES;
				CLANG_WARN_STRICT_PROTOTYPES = YES;
				CLANG_WARN_SUSPICIOUS_MOVE = YES;
				CLANG_WARN_UNGUARDED_AVAILABILITY = YES_AGGRESSIVE;
				CLANG_WARN_UNREACHABLE_CODE = YES;
				CLANG_WARN__DUPLICATE_METHOD_MATCH = YES;
				CODE_SIGN_IDENTITY = "iPhone Developer";
				COPY_PHASE_STRIP = NO;
				DEBUG_INFORMATION_FORMAT = "dwarf-with-dsym";
				ENABLE_NS_ASSERTIONS = NO;
				ENABLE_STRICT_OBJC_MSGSEND = YES;
				GCC_C_LANGUAGE_STANDARD = gnu11;
				GCC_NO_COMMON_BLOCKS = YES;
				GCC_WARN_64_TO_32_BIT_CONVERSION = YES;
				GCC_WARN_ABOUT_RETURN_TYPE = YES_ERROR;
				GCC_WARN_UNDECLARED_SELECTOR = YES;
				GCC_WARN_UNINITIALIZED_AUTOS = YES_AGGRESSIVE;
				GCC_WARN_UNUSED_FUNCTION = YES;
				GCC_WARN_UNUSED_VARIABLE = YES;
				IPHONEOS_DEPLOYMENT_TARGET = 11.4;
				MTL_ENABLE_DEBUG_INFO = NO;
				SDKROOT = iphoneos;
				SWIFT_COMPILATION_MODE = wholemodule;
				SWIFT_OPTIMIZATION_LEVEL = "-O";
				VALIDATE_PRODUCT = YES;
			};
			name = Release;
		};
		CD52DAB421CD288600D2BEBF /* Debug */ = {
			isa = XCBuildConfiguration;
			baseConfigurationReference = BE5F7D6E3D0EB29157502C0C /* Pods-Instagram.debug.xcconfig */;
			buildSettings = {
				ASSETCATALOG_COMPILER_APPICON_NAME = AppIcon;
				CODE_SIGN_IDENTITY = "iPhone Developer";
				CODE_SIGN_STYLE = Automatic;
				DEVELOPMENT_TEAM = 9CYY8G5X3R;
				INFOPLIST_FILE = Instagram/Info.plist;
				LD_RUNPATH_SEARCH_PATHS = (
					"$(inherited)",
					"@executable_path/Frameworks",
				);
				PRODUCT_BUNDLE_IDENTIFIER = jp.techacademy.masatoshi.tamura.instagram;
				PRODUCT_NAME = "$(TARGET_NAME)";
				PROVISIONING_PROFILE_SPECIFIER = "";
				SWIFT_VERSION = 4.0;
				TARGETED_DEVICE_FAMILY = 1;
			};
			name = Debug;
		};
		CD52DAB521CD288600D2BEBF /* Release */ = {
			isa = XCBuildConfiguration;
			baseConfigurationReference = A192224876E0A6A570B17482 /* Pods-Instagram.release.xcconfig */;
			buildSettings = {
				ASSETCATALOG_COMPILER_APPICON_NAME = AppIcon;
				CODE_SIGN_IDENTITY = "iPhone Developer";
				CODE_SIGN_STYLE = Automatic;
				DEVELOPMENT_TEAM = 9CYY8G5X3R;
				INFOPLIST_FILE = Instagram/Info.plist;
				LD_RUNPATH_SEARCH_PATHS = (
					"$(inherited)",
					"@executable_path/Frameworks",
				);
				PRODUCT_BUNDLE_IDENTIFIER = jp.techacademy.masatoshi.tamura.instagram;
				PRODUCT_NAME = "$(TARGET_NAME)";
				PROVISIONING_PROFILE_SPECIFIER = "";
				SWIFT_VERSION = 4.0;
				TARGETED_DEVICE_FAMILY = 1;
			};
			name = Release;
		};
/* End XCBuildConfiguration section */

/* Begin XCConfigurationList section */
		CD52DA9C21CD288500D2BEBF /* Build configuration list for PBXProject "Instagram" */ = {
			isa = XCConfigurationList;
			buildConfigurations = (
				CD52DAB121CD288600D2BEBF /* Debug */,
				CD52DAB221CD288600D2BEBF /* Release */,
			);
			defaultConfigurationIsVisible = 0;
			defaultConfigurationName = Release;
		};
		CD52DAB321CD288600D2BEBF /* Build configuration list for PBXNativeTarget "Instagram" */ = {
			isa = XCConfigurationList;
			buildConfigurations = (
				CD52DAB421CD288600D2BEBF /* Debug */,
				CD52DAB521CD288600D2BEBF /* Release */,
			);
			defaultConfigurationIsVisible = 0;
			defaultConfigurationName = Release;
		};
/* End XCConfigurationList section */
	};
	rootObject = CD52DA9921CD288500D2BEBF /* Project object */;
}
